// !$*UTF8*$!
{
	archiveVersion = 1;
	classes = {
	};
	objectVersion = 46;
	objects = {

/* Begin PBXBuildFile section */
		4A62A8061EBE9D47003A02D2 /* Palette.swift in Sources */ = {isa = PBXBuildFile; fileRef = 4A62A8051EBE9D47003A02D2 /* Palette.swift */; };
		4A62A8091EBEB4A4003A02D2 /* ColorPicker.storyboard in Resources */ = {isa = PBXBuildFile; fileRef = 4A62A80B1EBEB4A4003A02D2 /* ColorPicker.storyboard */; };
		4A62A80E1EBEBA07003A02D2 /* MainMenu.xib in Resources */ = {isa = PBXBuildFile; fileRef = 4A62A8101EBEBA07003A02D2 /* MainMenu.xib */; };
		4A62A8141EBECDCA003A02D2 /* PaletteViewController.swift in Sources */ = {isa = PBXBuildFile; fileRef = 4A62A8131EBECDCA003A02D2 /* PaletteViewController.swift */; };
		4A62A8181EBED0EB003A02D2 /* PaletteColorsView.swift in Sources */ = {isa = PBXBuildFile; fileRef = 4A62A8171EBED0EB003A02D2 /* PaletteColorsView.swift */; };
		4A62A8191EBED0FB003A02D2 /* PaletteCollectionViewItem.xib in Resources */ = {isa = PBXBuildFile; fileRef = 4A62A81B1EBED0FB003A02D2 /* PaletteCollectionViewItem.xib */; };
		4A62A81D1EBED596003A02D2 /* PaletteCollectionViewItem.swift in Sources */ = {isa = PBXBuildFile; fileRef = 4A62A81C1EBED596003A02D2 /* PaletteCollectionViewItem.swift */; };
		4A66F1871EBC24E200D81A4A /* AppDelegate.swift in Sources */ = {isa = PBXBuildFile; fileRef = 4A66F1861EBC24E200D81A4A /* AppDelegate.swift */; };
		4A66F1891EBC24E200D81A4A /* ColorPickerViewController.swift in Sources */ = {isa = PBXBuildFile; fileRef = 4A66F1881EBC24E200D81A4A /* ColorPickerViewController.swift */; };
		4A66F18B1EBC24E200D81A4A /* Assets.xcassets in Resources */ = {isa = PBXBuildFile; fileRef = 4A66F18A1EBC24E200D81A4A /* Assets.xcassets */; };
		4A66F1971EBC274100D81A4A /* ColorWheelView.swift in Sources */ = {isa = PBXBuildFile; fileRef = 4A66F1961EBC274100D81A4A /* ColorWheelView.swift */; };
		4A66F19B1EBC6F0900D81A4A /* GradientSliderCell.swift in Sources */ = {isa = PBXBuildFile; fileRef = 4A66F19A1EBC6F0900D81A4A /* GradientSliderCell.swift */; };
		4A720F7C1EBD7E0000205678 /* NSColor+.swift in Sources */ = {isa = PBXBuildFile; fileRef = 4A720F7B1EBD7E0000205678 /* NSColor+.swift */; };
		4A720F841EBE8B8800205678 /* Palettes.storyboard in Resources */ = {isa = PBXBuildFile; fileRef = 4A720F861EBE8B8800205678 /* Palettes.storyboard */; };
		4AC3DDBE1EC185E600E08B8D /* PaletteCollection.swift in Sources */ = {isa = PBXBuildFile; fileRef = 4AC3DDBD1EC185E600E08B8D /* PaletteCollection.swift */; };
		4AC3DDC11EC2B87D00E08B8D /* MainMenuController.swift in Sources */ = {isa = PBXBuildFile; fileRef = 4AC3DDC01EC2B87D00E08B8D /* MainMenuController.swift */; };
		4AC3DDCB1ECA418200E08B8D /* ColorController.swift in Sources */ = {isa = PBXBuildFile; fileRef = 4AC3DDCA1ECA418200E08B8D /* ColorController.swift */; };
/* End PBXBuildFile section */

/* Begin PBXFileReference section */
		4A62A8051EBE9D47003A02D2 /* Palette.swift */ = {isa = PBXFileReference; fileEncoding = 4; lastKnownFileType = sourcecode.swift; path = Palette.swift; sourceTree = "<group>"; };
		4A62A80A1EBEB4A4003A02D2 /* Base */ = {isa = PBXFileReference; lastKnownFileType = file.storyboard; name = Base; path = Base.lproj/ColorPicker.storyboard; sourceTree = "<group>"; };
		4A62A80F1EBEBA07003A02D2 /* Base */ = {isa = PBXFileReference; lastKnownFileType = file.xib; name = Base; path = Base.lproj/MainMenu.xib; sourceTree = "<group>"; };
		4A62A8131EBECDCA003A02D2 /* PaletteViewController.swift */ = {isa = PBXFileReference; fileEncoding = 4; lastKnownFileType = sourcecode.swift; path = PaletteViewController.swift; sourceTree = "<group>"; };
		4A62A8171EBED0EB003A02D2 /* PaletteColorsView.swift */ = {isa = PBXFileReference; fileEncoding = 4; lastKnownFileType = sourcecode.swift; path = PaletteColorsView.swift; sourceTree = "<group>"; };
		4A62A81A1EBED0FB003A02D2 /* Base */ = {isa = PBXFileReference; lastKnownFileType = file.xib; name = Base; path = Base.lproj/PaletteCollectionViewItem.xib; sourceTree = "<group>"; };
		4A62A81C1EBED596003A02D2 /* PaletteCollectionViewItem.swift */ = {isa = PBXFileReference; fileEncoding = 4; lastKnownFileType = sourcecode.swift; path = PaletteCollectionViewItem.swift; sourceTree = "<group>"; };
		4A66F1831EBC24E200D81A4A /* Color Picker.app */ = {isa = PBXFileReference; explicitFileType = wrapper.application; includeInIndex = 0; path = "Color Picker.app"; sourceTree = BUILT_PRODUCTS_DIR; };
		4A66F1861EBC24E200D81A4A /* AppDelegate.swift */ = {isa = PBXFileReference; lastKnownFileType = sourcecode.swift; path = AppDelegate.swift; sourceTree = "<group>"; };
		4A66F1881EBC24E200D81A4A /* ColorPickerViewController.swift */ = {isa = PBXFileReference; lastKnownFileType = sourcecode.swift; path = ColorPickerViewController.swift; sourceTree = "<group>"; };
		4A66F18A1EBC24E200D81A4A /* Assets.xcassets */ = {isa = PBXFileReference; lastKnownFileType = folder.assetcatalog; path = Assets.xcassets; sourceTree = "<group>"; };
		4A66F18F1EBC24E200D81A4A /* Info.plist */ = {isa = PBXFileReference; lastKnownFileType = text.plist.xml; path = Info.plist; sourceTree = "<group>"; };
		4A66F1951EBC250C00D81A4A /* Color Picker.entitlements */ = {isa = PBXFileReference; lastKnownFileType = text.plist.entitlements; path = "Color Picker.entitlements"; sourceTree = "<group>"; };
		4A66F1961EBC274100D81A4A /* ColorWheelView.swift */ = {isa = PBXFileReference; fileEncoding = 4; lastKnownFileType = sourcecode.swift; path = ColorWheelView.swift; sourceTree = "<group>"; };
		4A66F19A1EBC6F0900D81A4A /* GradientSliderCell.swift */ = {isa = PBXFileReference; fileEncoding = 4; lastKnownFileType = sourcecode.swift; path = GradientSliderCell.swift; sourceTree = "<group>"; };
		4A720F7B1EBD7E0000205678 /* NSColor+.swift */ = {isa = PBXFileReference; fileEncoding = 4; lastKnownFileType = sourcecode.swift; path = "NSColor+.swift"; sourceTree = "<group>"; };
		4A720F851EBE8B8800205678 /* Base */ = {isa = PBXFileReference; lastKnownFileType = file.storyboard; name = Base; path = Base.lproj/Palettes.storyboard; sourceTree = "<group>"; };
		4AC3DDBD1EC185E600E08B8D /* PaletteCollection.swift */ = {isa = PBXFileReference; fileEncoding = 4; lastKnownFileType = sourcecode.swift; path = PaletteCollection.swift; sourceTree = "<group>"; };
		4AC3DDC01EC2B87D00E08B8D /* MainMenuController.swift */ = {isa = PBXFileReference; fileEncoding = 4; lastKnownFileType = sourcecode.swift; path = MainMenuController.swift; sourceTree = "<group>"; };
		4AC3DDCA1ECA418200E08B8D /* ColorController.swift */ = {isa = PBXFileReference; fileEncoding = 4; lastKnownFileType = sourcecode.swift; path = ColorController.swift; sourceTree = "<group>"; };
/* End PBXFileReference section */

/* Begin PBXFrameworksBuildPhase section */
		4A66F1801EBC24E200D81A4A /* Frameworks */ = {
			isa = PBXFrameworksBuildPhase;
			buildActionMask = 2147483647;
			files = (
			);
			runOnlyForDeploymentPostprocessing = 0;
		};
/* End PBXFrameworksBuildPhase section */

/* Begin PBXGroup section */
		4A66F17A1EBC24E200D81A4A = {
			isa = PBXGroup;
			children = (
				4A66F1851EBC24E200D81A4A /* Color Picker */,
				4A66F1841EBC24E200D81A4A /* Products */,
			);
			sourceTree = "<group>";
		};
		4A66F1841EBC24E200D81A4A /* Products */ = {
			isa = PBXGroup;
			children = (
				4A66F1831EBC24E200D81A4A /* Color Picker.app */,
			);
			name = Products;
			sourceTree = "<group>";
		};
		4A66F1851EBC24E200D81A4A /* Color Picker */ = {
			isa = PBXGroup;
			children = (
				4A62A80B1EBEB4A4003A02D2 /* ColorPicker.storyboard */,
				4A720F861EBE8B8800205678 /* Palettes.storyboard */,
				4A62A8101EBEBA07003A02D2 /* MainMenu.xib */,
				4A62A81B1EBED0FB003A02D2 /* PaletteCollectionViewItem.xib */,
				4A66F1861EBC24E200D81A4A /* AppDelegate.swift */,
				4AC3DDCA1ECA418200E08B8D /* ColorController.swift */,
				4A66F1881EBC24E200D81A4A /* ColorPickerViewController.swift */,
				4A66F1961EBC274100D81A4A /* ColorWheelView.swift */,
				4A66F19A1EBC6F0900D81A4A /* GradientSliderCell.swift */,
				4AC3DDC01EC2B87D00E08B8D /* MainMenuController.swift */,
				4A720F7B1EBD7E0000205678 /* NSColor+.swift */,
				4A62A8051EBE9D47003A02D2 /* Palette.swift */,
				4AC3DDBD1EC185E600E08B8D /* PaletteCollection.swift */,
				4A62A81C1EBED596003A02D2 /* PaletteCollectionViewItem.swift */,
				4A62A8171EBED0EB003A02D2 /* PaletteColorsView.swift */,
				4A62A8131EBECDCA003A02D2 /* PaletteViewController.swift */,
				4A66F18A1EBC24E200D81A4A /* Assets.xcassets */,
				4A66F18F1EBC24E200D81A4A /* Info.plist */,
				4A66F1951EBC250C00D81A4A /* Color Picker.entitlements */,
			);
			path = "Color Picker";
			sourceTree = "<group>";
		};
/* End PBXGroup section */

/* Begin PBXNativeTarget section */
		4A66F1821EBC24E200D81A4A /* Color Picker */ = {
			isa = PBXNativeTarget;
			buildConfigurationList = 4A66F1921EBC24E200D81A4A /* Build configuration list for PBXNativeTarget "Color Picker" */;
			buildPhases = (
				4A66F17F1EBC24E200D81A4A /* Sources */,
				4A66F1801EBC24E200D81A4A /* Frameworks */,
				4A66F1811EBC24E200D81A4A /* Resources */,
			);
			buildRules = (
			);
			dependencies = (
			);
			name = "Color Picker";
			productName = "Color Picker";
			productReference = 4A66F1831EBC24E200D81A4A /* Color Picker.app */;
			productType = "com.apple.product-type.application";
		};
/* End PBXNativeTarget section */

/* Begin PBXProject section */
		4A66F17B1EBC24E200D81A4A /* Project object */ = {
			isa = PBXProject;
			attributes = {
				LastSwiftUpdateCheck = 0830;
				LastUpgradeCheck = 0830;
				ORGANIZATIONNAME = Gofake1;
				TargetAttributes = {
					4A66F1821EBC24E200D81A4A = {
						CreatedOnToolsVersion = 8.3.2;
						DevelopmentTeam = W6KLMFETUQ;
						ProvisioningStyle = Automatic;
						SystemCapabilities = {
							com.apple.Sandbox = {
								enabled = 1;
							};
						};
					};
				};
			};
			buildConfigurationList = 4A66F17E1EBC24E200D81A4A /* Build configuration list for PBXProject "Color Picker" */;
			compatibilityVersion = "Xcode 3.2";
			developmentRegion = English;
			hasScannedForEncodings = 0;
			knownRegions = (
				en,
				Base,
			);
			mainGroup = 4A66F17A1EBC24E200D81A4A;
			productRefGroup = 4A66F1841EBC24E200D81A4A /* Products */;
			projectDirPath = "";
			projectRoot = "";
			targets = (
				4A66F1821EBC24E200D81A4A /* Color Picker */,
			);
		};
/* End PBXProject section */

/* Begin PBXResourcesBuildPhase section */
		4A66F1811EBC24E200D81A4A /* Resources */ = {
			isa = PBXResourcesBuildPhase;
			buildActionMask = 2147483647;
			files = (
				4A720F841EBE8B8800205678 /* Palettes.storyboard in Resources */,
				4A66F18B1EBC24E200D81A4A /* Assets.xcassets in Resources */,
				4A62A8091EBEB4A4003A02D2 /* ColorPicker.storyboard in Resources */,
				4A62A8191EBED0FB003A02D2 /* PaletteCollectionViewItem.xib in Resources */,
				4A62A80E1EBEBA07003A02D2 /* MainMenu.xib in Resources */,
			);
			runOnlyForDeploymentPostprocessing = 0;
		};
/* End PBXResourcesBuildPhase section */

/* Begin PBXSourcesBuildPhase section */
		4A66F17F1EBC24E200D81A4A /* Sources */ = {
			isa = PBXSourcesBuildPhase;
			buildActionMask = 2147483647;
			files = (
				4A66F19B1EBC6F0900D81A4A /* GradientSliderCell.swift in Sources */,
				4AC3DDCB1ECA418200E08B8D /* ColorController.swift in Sources */,
				4A62A81D1EBED596003A02D2 /* PaletteCollectionViewItem.swift in Sources */,
				4A62A8141EBECDCA003A02D2 /* PaletteViewController.swift in Sources */,
				4A66F1971EBC274100D81A4A /* ColorWheelView.swift in Sources */,
				4A66F1891EBC24E200D81A4A /* ColorPickerViewController.swift in Sources */,
				4AC3DDC11EC2B87D00E08B8D /* MainMenuController.swift in Sources */,
				4AC3DDBE1EC185E600E08B8D /* PaletteCollection.swift in Sources */,
				4A720F7C1EBD7E0000205678 /* NSColor+.swift in Sources */,
				4A66F1871EBC24E200D81A4A /* AppDelegate.swift in Sources */,
				4A62A8181EBED0EB003A02D2 /* PaletteColorsView.swift in Sources */,
				4A62A8061EBE9D47003A02D2 /* Palette.swift in Sources */,
			);
			runOnlyForDeploymentPostprocessing = 0;
		};
/* End PBXSourcesBuildPhase section */

/* Begin PBXVariantGroup section */
		4A62A80B1EBEB4A4003A02D2 /* ColorPicker.storyboard */ = {
			isa = PBXVariantGroup;
			children = (
				4A62A80A1EBEB4A4003A02D2 /* Base */,
			);
			name = ColorPicker.storyboard;
			sourceTree = "<group>";
		};
		4A62A8101EBEBA07003A02D2 /* MainMenu.xib */ = {
			isa = PBXVariantGroup;
			children = (
				4A62A80F1EBEBA07003A02D2 /* Base */,
			);
			name = MainMenu.xib;
			sourceTree = "<group>";
		};
		4A62A81B1EBED0FB003A02D2 /* PaletteCollectionViewItem.xib */ = {
			isa = PBXVariantGroup;
			children = (
				4A62A81A1EBED0FB003A02D2 /* Base */,
			);
			name = PaletteCollectionViewItem.xib;
			sourceTree = "<group>";
		};
		4A720F861EBE8B8800205678 /* Palettes.storyboard */ = {
			isa = PBXVariantGroup;
			children = (
				4A720F851EBE8B8800205678 /* Base */,
			);
			name = Palettes.storyboard;
			sourceTree = "<group>";
		};
/* End PBXVariantGroup section */

/* Begin XCBuildConfiguration section */
		4A66F1901EBC24E200D81A4A /* Debug */ = {
			isa = XCBuildConfiguration;
			buildSettings = {
				ALWAYS_SEARCH_USER_PATHS = NO;
				CLANG_ANALYZER_NONNULL = YES;
				CLANG_ANALYZER_NUMBER_OBJECT_CONVERSION = YES_AGGRESSIVE;
				CLANG_CXX_LANGUAGE_STANDARD = "gnu++0x";
				CLANG_CXX_LIBRARY = "libc++";
				CLANG_ENABLE_MODULES = YES;
				CLANG_ENABLE_OBJC_ARC = YES;
				CLANG_WARN_BOOL_CONVERSION = YES;
				CLANG_WARN_CONSTANT_CONVERSION = YES;
				CLANG_WARN_DIRECT_OBJC_ISA_USAGE = YES_ERROR;
				CLANG_WARN_DOCUMENTATION_COMMENTS = YES;
				CLANG_WARN_EMPTY_BODY = YES;
				CLANG_WARN_ENUM_CONVERSION = YES;
				CLANG_WARN_INFINITE_RECURSION = YES;
				CLANG_WARN_INT_CONVERSION = YES;
				CLANG_WARN_OBJC_ROOT_CLASS = YES_ERROR;
				CLANG_WARN_SUSPICIOUS_MOVE = YES;
				CLANG_WARN_UNREACHABLE_CODE = YES;
				CLANG_WARN__DUPLICATE_METHOD_MATCH = YES;
				CODE_SIGN_IDENTITY = "-";
				COPY_PHASE_STRIP = NO;
				DEBUG_INFORMATION_FORMAT = dwarf;
				ENABLE_STRICT_OBJC_MSGSEND = YES;
				ENABLE_TESTABILITY = YES;
				GCC_C_LANGUAGE_STANDARD = gnu99;
				GCC_DYNAMIC_NO_PIC = NO;
				GCC_NO_COMMON_BLOCKS = YES;
				GCC_OPTIMIZATION_LEVEL = 0;
				GCC_PREPROCESSOR_DEFINITIONS = (
					"DEBUG=1",
					"$(inherited)",
				);
				GCC_WARN_64_TO_32_BIT_CONVERSION = YES;
				GCC_WARN_ABOUT_RETURN_TYPE = YES_ERROR;
				GCC_WARN_UNDECLARED_SELECTOR = YES;
				GCC_WARN_UNINITIALIZED_AUTOS = YES_AGGRESSIVE;
				GCC_WARN_UNUSED_FUNCTION = YES;
				GCC_WARN_UNUSED_VARIABLE = YES;
				MACOSX_DEPLOYMENT_TARGET = 10.12;
				MTL_ENABLE_DEBUG_INFO = YES;
				ONLY_ACTIVE_ARCH = YES;
				SDKROOT = macosx;
				SWIFT_ACTIVE_COMPILATION_CONDITIONS = DEBUG;
				SWIFT_OPTIMIZATION_LEVEL = "-Onone";
			};
			name = Debug;
		};
		4A66F1911EBC24E200D81A4A /* Release */ = {
			isa = XCBuildConfiguration;
			buildSettings = {
				ALWAYS_SEARCH_USER_PATHS = NO;
				CLANG_ANALYZER_NONNULL = YES;
				CLANG_ANALYZER_NUMBER_OBJECT_CONVERSION = YES_AGGRESSIVE;
				CLANG_CXX_LANGUAGE_STANDARD = "gnu++0x";
				CLANG_CXX_LIBRARY = "libc++";
				CLANG_ENABLE_MODULES = YES;
				CLANG_ENABLE_OBJC_ARC = YES;
				CLANG_WARN_BOOL_CONVERSION = YES;
				CLANG_WARN_CONSTANT_CONVERSION = YES;
				CLANG_WARN_DIRECT_OBJC_ISA_USAGE = YES_ERROR;
				CLANG_WARN_DOCUMENTATION_COMMENTS = YES;
				CLANG_WARN_EMPTY_BODY = YES;
				CLANG_WARN_ENUM_CONVERSION = YES;
				CLANG_WARN_INFINITE_RECURSION = YES;
				CLANG_WARN_INT_CONVERSION = YES;
				CLANG_WARN_OBJC_ROOT_CLASS = YES_ERROR;
				CLANG_WARN_SUSPICIOUS_MOVE = YES;
				CLANG_WARN_UNREACHABLE_CODE = YES;
				CLANG_WARN__DUPLICATE_METHOD_MATCH = YES;
				CODE_SIGN_IDENTITY = "-";
				COPY_PHASE_STRIP = NO;
				DEBUG_INFORMATION_FORMAT = "dwarf-with-dsym";
				ENABLE_NS_ASSERTIONS = NO;
				ENABLE_STRICT_OBJC_MSGSEND = YES;
				GCC_C_LANGUAGE_STANDARD = gnu99;
				GCC_NO_COMMON_BLOCKS = YES;
				GCC_WARN_64_TO_32_BIT_CONVERSION = YES;
				GCC_WARN_ABOUT_RETURN_TYPE = YES_ERROR;
				GCC_WARN_UNDECLARED_SELECTOR = YES;
				GCC_WARN_UNINITIALIZED_AUTOS = YES_AGGRESSIVE;
				GCC_WARN_UNUSED_FUNCTION = YES;
				GCC_WARN_UNUSED_VARIABLE = YES;
				MACOSX_DEPLOYMENT_TARGET = 10.12;
				MTL_ENABLE_DEBUG_INFO = NO;
				SDKROOT = macosx;
				SWIFT_OPTIMIZATION_LEVEL = "-Owholemodule";
			};
			name = Release;
		};
		4A66F1931EBC24E200D81A4A /* Debug */ = {
			isa = XCBuildConfiguration;
			buildSettings = {
				ASSETCATALOG_COMPILER_APPICON_NAME = AppIcon;
				CODE_SIGN_ENTITLEMENTS = "Color Picker/Color Picker.entitlements";
				CODE_SIGN_IDENTITY = "Mac Developer";
				COMBINE_HIDPI_IMAGES = YES;
				DEVELOPMENT_TEAM = W6KLMFETUQ;
				INFOPLIST_FILE = "Color Picker/Info.plist";
				LD_RUNPATH_SEARCH_PATHS = "$(inherited) @executable_path/../Frameworks";
				PRODUCT_BUNDLE_IDENTIFIER = "net.gofake1.Color-Picker";
				PRODUCT_NAME = "$(TARGET_NAME)";
				PROVISIONING_PROFILE_SPECIFIER = "";
				SWIFT_VERSION = 3.0;
			};
			name = Debug;
		};
		4A66F1941EBC24E200D81A4A /* Release */ = {
			isa = XCBuildConfiguration;
			buildSettings = {
				ASSETCATALOG_COMPILER_APPICON_NAME = AppIcon;
				CODE_SIGN_ENTITLEMENTS = "Color Picker/Color Picker.entitlements";
				CODE_SIGN_IDENTITY = "Mac Developer";
				COMBINE_HIDPI_IMAGES = YES;
				DEVELOPMENT_TEAM = W6KLMFETUQ;
				INFOPLIST_FILE = "Color Picker/Info.plist";
				LD_RUNPATH_SEARCH_PATHS = "$(inherited) @executable_path/../Frameworks";
				PRODUCT_BUNDLE_IDENTIFIER = "net.gofake1.Color-Picker";
				PRODUCT_NAME = "$(TARGET_NAME)";
				PROVISIONING_PROFILE_SPECIFIER = "";
				SWIFT_VERSION = 3.0;
			};
			name = Release;
		};
/* End XCBuildConfiguration section */

/* Begin XCConfigurationList section */
		4A66F17E1EBC24E200D81A4A /* Build configuration list for PBXProject "Color Picker" */ = {
			isa = XCConfigurationList;
			buildConfigurations = (
				4A66F1901EBC24E200D81A4A /* Debug */,
				4A66F1911EBC24E200D81A4A /* Release */,
			);
			defaultConfigurationIsVisible = 0;
			defaultConfigurationName = Release;
		};
		4A66F1921EBC24E200D81A4A /* Build configuration list for PBXNativeTarget "Color Picker" */ = {
			isa = XCConfigurationList;
			buildConfigurations = (
				4A66F1931EBC24E200D81A4A /* Debug */,
				4A66F1941EBC24E200D81A4A /* Release */,
			);
			defaultConfigurationIsVisible = 0;
			defaultConfigurationName = Release;
		};
/* End XCConfigurationList section */
	};
	rootObject = 4A66F17B1EBC24E200D81A4A /* Project object */;
}
